
Microsoft Visual Studio Solution File, Format Version 12.00
# Visual Studio 15
VisualStudioVersion = 15.0.26228.9
MinimumVisualStudioVersion = 10.0.40219.1
Project("{FAE04EC0-301F-11D3-BF4B-00C04F79EFBC}") = "CloudCoinCore", "CloudCoinCore\CloudCoinCore.csproj", "{41979135-4F57-4163-B313-7313471A2584}"
EndProject
Project("{FAE04EC0-301F-11D3-BF4B-00C04F79EFBC}") = "Founders", "Founders\Founders.csproj", "{8B903AB0-C487-4E6E-9B78-EC120C13D749}"
EndProject
Project("{FAE04EC0-301F-11D3-BF4B-00C04F79EFBC}") = "WindowsFormsApp1", "WindowsFormsApp1\WindowsFormsApp1.csproj", "{C43B216C-242B-4AF1-8A84-FFADC030760A}"
EndProject
Project("{FAE04EC0-301F-11D3-BF4B-00C04F79EFBC}") = "CloudCoinCoreFramework", "CloudCoinCoreFramework\CloudCoinCoreFramework.csproj", "{C062BE88-92BB-4762-B5FE-615E91B1C8E5}"
EndProject
Project("{FAE04EC0-301F-11D3-BF4B-00C04F79EFBC}") = "CloudCoinInvestors", "CloudCoinInvestors\CloudCoinInvestors.csproj", "{7038EC04-D2BF-44F7-9B53-BCE0C55C52F9}"
EndProject
Project("{FAE04EC0-301F-11D3-BF4B-00C04F79EFBC}") = "FoundersOriginal", "FoundersOriginal\FoundersOriginal.csproj", "{6AA32C8F-2BE3-4346-8263-A2E48BE6BC2E}"
EndProject
Global
	GlobalSection(SolutionConfigurationPlatforms) = preSolution
		Debug|Any CPU = Debug|Any CPU
		Release|Any CPU = Release|Any CPU
	EndGlobalSection
	GlobalSection(ProjectConfigurationPlatforms) = postSolution
		{41979135-4F57-4163-B313-7313471A2584}.Debug|Any CPU.ActiveCfg = Debug|Any CPU
		{41979135-4F57-4163-B313-7313471A2584}.Debug|Any CPU.Build.0 = Debug|Any CPU
		{41979135-4F57-4163-B313-7313471A2584}.Release|Any CPU.ActiveCfg = Release|Any CPU
		{41979135-4F57-4163-B313-7313471A2584}.Release|Any CPU.Build.0 = Release|Any CPU
		{8B903AB0-C487-4E6E-9B78-EC120C13D749}.Debug|Any CPU.ActiveCfg = Debug|Any CPU
		{8B903AB0-C487-4E6E-9B78-EC120C13D749}.Debug|Any CPU.Build.0 = Debug|Any CPU
		{8B903AB0-C487-4E6E-9B78-EC120C13D749}.Release|Any CPU.ActiveCfg = Release|Any CPU
		{8B903AB0-C487-4E6E-9B78-EC120C13D749}.Release|Any CPU.Build.0 = Release|Any CPU
		{C43B216C-242B-4AF1-8A84-FFADC030760A}.Debug|Any CPU.ActiveCfg = Debug|Any CPU
		{C43B216C-242B-4AF1-8A84-FFADC030760A}.Debug|Any CPU.Build.0 = Debug|Any CPU
		{C43B216C-242B-4AF1-8A84-FFADC030760A}.Release|Any CPU.ActiveCfg = Release|Any CPU
		{C43B216C-242B-4AF1-8A84-FFADC030760A}.Release|Any CPU.Build.0 = Release|Any CPU
		{C062BE88-92BB-4762-B5FE-615E91B1C8E5}.Debug|Any CPU.ActiveCfg = Debug|Any CPU
		{C062BE88-92BB-4762-B5FE-615E91B1C8E5}.Debug|Any CPU.Build.0 = Debug|Any CPU
		{C062BE88-92BB-4762-B5FE-615E91B1C8E5}.Release|Any CPU.ActiveCfg = Release|Any CPU
		{C062BE88-92BB-4762-B5FE-615E91B1C8E5}.Release|Any CPU.Build.0 = Release|Any CPU
		{7038EC04-D2BF-44F7-9B53-BCE0C55C52F9}.Debug|Any CPU.ActiveCfg = Debug|Any CPU
		{7038EC04-D2BF-44F7-9B53-BCE0C55C52F9}.Debug|Any CPU.Build.0 = Debug|Any CPU
		{7038EC04-D2BF-44F7-9B53-BCE0C55C52F9}.Release|Any CPU.ActiveCfg = Release|Any CPU
		{7038EC04-D2BF-44F7-9B53-BCE0C55C52F9}.Release|Any CPU.Build.0 = Release|Any CPU
		{6AA32C8F-2BE3-4346-8263-A2E48BE6BC2E}.Debug|Any CPU.ActiveCfg = Debug|Any CPU
		{6AA32C8F-2BE3-4346-8263-A2E48BE6BC2E}.Debug|Any CPU.Build.0 = Debug|Any CPU
		{6AA32C8F-2BE3-4346-8263-A2E48BE6BC2E}.Release|Any CPU.ActiveCfg = Release|Any CPU
		{6AA32C8F-2BE3-4346-8263-A2E48BE6BC2E}.Release|Any CPU.Build.0 = Release|Any CPU
	EndGlobalSection
	GlobalSection(SolutionProperties) = preSolution
		HideSolutionNode = FALSE
	EndGlobalSection
EndGlobal
